// !$*UTF8*$!
{
	archiveVersion = 1;
	classes = {
	};
	objectVersion = 51;
	objects = {

/* Begin PBXBuildFile section */
		3C15519825AD3CF90030949D /* TimerViewController.swift in Sources */ = {isa = PBXBuildFile; fileRef = 3C15519725AD3CF90030949D /* TimerViewController.swift */; };
		3C15519B25AD3D010030949D /* Timer.storyboard in Resources */ = {isa = PBXBuildFile; fileRef = 3C15519A25AD3D010030949D /* Timer.storyboard */; };
		3C1551A125AD6D260030949D /* ChallengeSuccessAlertView.swift in Sources */ = {isa = PBXBuildFile; fileRef = 3C1551A025AD6D260030949D /* ChallengeSuccessAlertView.swift */; };
		3C1551A425AD6D5E0030949D /* ChallengeSuccessAlertView.xib in Resources */ = {isa = PBXBuildFile; fileRef = 3C1551A325AD6D5D0030949D /* ChallengeSuccessAlertView.xib */; };
		3C356DF725AA9A5200629143 /* LoginViewController.swift in Sources */ = {isa = PBXBuildFile; fileRef = 3C356DF625AA9A5200629143 /* LoginViewController.swift */; };
		3C356DFA25AA9BA600629143 /* MainViewController.swift in Sources */ = {isa = PBXBuildFile; fileRef = 3C356DF925AA9BA600629143 /* MainViewController.swift */; };
		3C356DFD25AA9F3000629143 /* Location.storyboard in Resources */ = {isa = PBXBuildFile; fileRef = 3C356DFC25AA9F3000629143 /* Location.storyboard */; };
		3C356E0225AAA1F300629143 /* LocationViewController.swift in Sources */ = {isa = PBXBuildFile; fileRef = 3C356E0125AAA1F300629143 /* LocationViewController.swift */; };
		3C356E0C25AAC78D00629143 /* NotoSansCJKkr-Bold.otf in Resources */ = {isa = PBXBuildFile; fileRef = 3C356E0B25AAC78D00629143 /* NotoSansCJKkr-Bold.otf */; };
		3C356E1925AAE1F100629143 /* LocationWebViewController.swift in Sources */ = {isa = PBXBuildFile; fileRef = 3C356E1825AAE1F100629143 /* LocationWebViewController.swift */; };
		3C356E1C25AAE20300629143 /* LocationWeb.storyboard in Resources */ = {isa = PBXBuildFile; fileRef = 3C356E1B25AAE20300629143 /* LocationWeb.storyboard */; };
		3C356E2025AAEF4B00629143 /* LoginNavigationViewController.swift in Sources */ = {isa = PBXBuildFile; fileRef = 3C356E1F25AAEF4B00629143 /* LoginNavigationViewController.swift */; };
		3C356E2325AAF95C00629143 /* WkWebViewSimpleBar.swift in Sources */ = {isa = PBXBuildFile; fileRef = 3C356E2225AAF95C00629143 /* WkWebViewSimpleBar.swift */; };
		3C60605125ADF36E0070F58A /* ChallengeTimerView.swift in Sources */ = {isa = PBXBuildFile; fileRef = 3C60605025ADF36E0070F58A /* ChallengeTimerView.swift */; };
		3C72DA0D25A9F1C4001567B4 /* AppDelegate.swift in Sources */ = {isa = PBXBuildFile; fileRef = 3C72DA0C25A9F1C4001567B4 /* AppDelegate.swift */; };
		3C72DA0F25A9F1C4001567B4 /* SceneDelegate.swift in Sources */ = {isa = PBXBuildFile; fileRef = 3C72DA0E25A9F1C4001567B4 /* SceneDelegate.swift */; };
		3C72DA1125A9F1C4001567B4 /* TestViewController.swift in Sources */ = {isa = PBXBuildFile; fileRef = 3C72DA1025A9F1C4001567B4 /* TestViewController.swift */; };
		3C72DA1425A9F1C4001567B4 /* Main.storyboard in Resources */ = {isa = PBXBuildFile; fileRef = 3C72DA1225A9F1C4001567B4 /* Main.storyboard */; };
		3C72DA1625A9F1C5001567B4 /* Assets.xcassets in Resources */ = {isa = PBXBuildFile; fileRef = 3C72DA1525A9F1C5001567B4 /* Assets.xcassets */; };
		3C72DA1925A9F1C5001567B4 /* LaunchScreen.storyboard in Resources */ = {isa = PBXBuildFile; fileRef = 3C72DA1725A9F1C5001567B4 /* LaunchScreen.storyboard */; };
		3C72DA2725A9F5C1001567B4 /* NotoSansCJKkr-Regular.otf in Resources */ = {isa = PBXBuildFile; fileRef = 3C72DA2525A9F5C1001567B4 /* NotoSansCJKkr-Regular.otf */; };
		3C72DA2825A9F5C1001567B4 /* NotoSansCJKkr-Medium.otf in Resources */ = {isa = PBXBuildFile; fileRef = 3C72DA2625A9F5C1001567B4 /* NotoSansCJKkr-Medium.otf */; };
		3C72DA2D25A9FAE1001567B4 /* Login.storyboard in Resources */ = {isa = PBXBuildFile; fileRef = 3C72DA2C25A9FAE1001567B4 /* Login.storyboard */; };
		3C72DA3025A9FC49001567B4 /* THEFACESHOP+INKLIPQUID.otf in Resources */ = {isa = PBXBuildFile; fileRef = 3C72DA2F25A9FC49001567B4 /* THEFACESHOP+INKLIPQUID.otf */; };
		3CB0614825AB404D0088ACFD /* ChallengeQuitAlertView.swift in Sources */ = {isa = PBXBuildFile; fileRef = 3CB0614725AB404D0088ACFD /* ChallengeQuitAlertView.swift */; };
		3CB0614B25AB405E0088ACFD /* ChallengeQuitAlertView.xib in Resources */ = {isa = PBXBuildFile; fileRef = 3CB0614A25AB405E0088ACFD /* ChallengeQuitAlertView.xib */; };
		3CB0614E25ABE41C0088ACFD /* HomeViewController.swift in Sources */ = {isa = PBXBuildFile; fileRef = 3CB0614D25ABE41C0088ACFD /* HomeViewController.swift */; };
		3CB0615325ABE4330088ACFD /* Home.storyboard in Resources */ = {isa = PBXBuildFile; fileRef = 3CB0615225ABE4330088ACFD /* Home.storyboard */; };
		3CB0615625ABEAFC0088ACFD /* HomeNavigationViewController.swift in Sources */ = {isa = PBXBuildFile; fileRef = 3CB0615525ABEAFB0088ACFD /* HomeNavigationViewController.swift */; };
		3CB0615A25ABEF9D0088ACFD /* SettingViewController.swift in Sources */ = {isa = PBXBuildFile; fileRef = 3CB0615925ABEF9D0088ACFD /* SettingViewController.swift */; };
		3CB0615F25ABEFB10088ACFD /* Setting.storyboard in Resources */ = {isa = PBXBuildFile; fileRef = 3CB0615E25ABEFB10088ACFD /* Setting.storyboard */; };
		3CB0616425ABFDE80088ACFD /* SettingProfileCell.swift in Sources */ = {isa = PBXBuildFile; fileRef = 3CB0616225ABFDE80088ACFD /* SettingProfileCell.swift */; };
		3CB0616525ABFDE80088ACFD /* SettingProfileCell.xib in Resources */ = {isa = PBXBuildFile; fileRef = 3CB0616325ABFDE80088ACFD /* SettingProfileCell.xib */; };
		3CB0616C25AC08100088ACFD /* SettingNavigatorCell.swift in Sources */ = {isa = PBXBuildFile; fileRef = 3CB0616A25AC08100088ACFD /* SettingNavigatorCell.swift */; };
		3CB0616D25AC08100088ACFD /* SettingNavigatorCell.xib in Resources */ = {isa = PBXBuildFile; fileRef = 3CB0616B25AC08100088ACFD /* SettingNavigatorCell.xib */; };
		3CB0617B25AC18A90088ACFD /* TimerSettingViewController.swift in Sources */ = {isa = PBXBuildFile; fileRef = 3CB0617A25AC18A90088ACFD /* TimerSettingViewController.swift */; };
		3CB0618025AC18BF0088ACFD /* TimerSetting.storyboard in Resources */ = {isa = PBXBuildFile; fileRef = 3CB0617F25AC18BF0088ACFD /* TimerSetting.storyboard */; };
		3CE3C1A325B7A6B8003DF328 /* SelectChallenge.storyboard in Resources */ = {isa = PBXBuildFile; fileRef = 3CE3C1A225B7A6B8003DF328 /* SelectChallenge.storyboard */; };
		3CE3C1A725B7A6D3003DF328 /* SelectChallengeViewController.swift in Sources */ = {isa = PBXBuildFile; fileRef = 3CE3C1A625B7A6D3003DF328 /* SelectChallengeViewController.swift */; };
		3CE3C1AC25B7AB70003DF328 /* SelectChallengeCell.swift in Sources */ = {isa = PBXBuildFile; fileRef = 3CE3C1AA25B7AB70003DF328 /* SelectChallengeCell.swift */; };
		3CE3C1AD25B7AB70003DF328 /* SelectChallengeCell.xib in Resources */ = {isa = PBXBuildFile; fileRef = 3CE3C1AB25B7AB70003DF328 /* SelectChallengeCell.xib */; };
		3CE3C1B425B7B3D0003DF328 /* CustomSelectChallengeCell.swift in Sources */ = {isa = PBXBuildFile; fileRef = 3CE3C1B225B7B3D0003DF328 /* CustomSelectChallengeCell.swift */; };
		3CE3C1B525B7B3D0003DF328 /* CustomSelectChallengeCell.xib in Resources */ = {isa = PBXBuildFile; fileRef = 3CE3C1B325B7B3D0003DF328 /* CustomSelectChallengeCell.xib */; };
		3CE3C1B825B7B524003DF328 /* Observable.swift in Sources */ = {isa = PBXBuildFile; fileRef = 3CE3C1B725B7B524003DF328 /* Observable.swift */; };
		3CE3C1BB25B7B574003DF328 /* SelectChallengeViewModel.swift in Sources */ = {isa = PBXBuildFile; fileRef = 3CE3C1BA25B7B574003DF328 /* SelectChallengeViewModel.swift */; };
		3CE3C1C025B7B5A8003DF328 /* Challenge.swift in Sources */ = {isa = PBXBuildFile; fileRef = 3CE3C1BF25B7B5A8003DF328 /* Challenge.swift */; };
		3CE3C1CC25B82691003DF328 /* KakaoApi.swift in Sources */ = {isa = PBXBuildFile; fileRef = 3CE3C1CB25B82691003DF328 /* KakaoApi.swift */; };
		3CE3C1D325B82C3B003DF328 /* KeyChainManager.swift in Sources */ = {isa = PBXBuildFile; fileRef = 3CE3C1D225B82C3B003DF328 /* KeyChainManager.swift */; };
		3CE3C1D925B8644F003DF328 /* SettingViewModel.swift in Sources */ = {isa = PBXBuildFile; fileRef = 3CE3C1D825B8644F003DF328 /* SettingViewModel.swift */; };
		3CEC75D425AD93D90016738F /* Montserrat-Regular.ttf in Resources */ = {isa = PBXBuildFile; fileRef = 3CEC75D325AD93D90016738F /* Montserrat-Regular.ttf */; };
		3CEC75D725AD93E30016738F /* Montserrat-Medium.ttf in Resources */ = {isa = PBXBuildFile; fileRef = 3CEC75D625AD93E30016738F /* Montserrat-Medium.ttf */; };
		3CF8025125B06ED000E3A71D /* dottedLineView.swift in Sources */ = {isa = PBXBuildFile; fileRef = 3CF8025025B06ED000E3A71D /* dottedLineView.swift */; };
		3CF8025525B077F300E3A71D /* DateManager.swift in Sources */ = {isa = PBXBuildFile; fileRef = 3CF8025425B077F300E3A71D /* DateManager.swift */; };
		3CF8025825B125AC00E3A71D /* letterSpacingLabel.swift in Sources */ = {isa = PBXBuildFile; fileRef = 3CF8025725B125AC00E3A71D /* letterSpacingLabel.swift */; };
		3CF8027425B167F700E3A71D /* GeoCodingApi.swift in Sources */ = {isa = PBXBuildFile; fileRef = 3CF8027325B167F700E3A71D /* GeoCodingApi.swift */; };
		3CF8027E25B2DAD300E3A71D /* ZipkokApi.swift in Sources */ = {isa = PBXBuildFile; fileRef = 3CF8027D25B2DAD300E3A71D /* ZipkokApi.swift */; };
		3CF8028325B2F3E700E3A71D /* Test.storyboard in Resources */ = {isa = PBXBuildFile; fileRef = 3CF8028225B2F3E700E3A71D /* Test.storyboard */; };
		3CF8028F25B339C700E3A71D /* Wireframe.storyboard in Resources */ = {isa = PBXBuildFile; fileRef = 3CF8028E25B339C700E3A71D /* Wireframe.storyboard */; };
		FA166C15DA7242FCC3AE4C49 /* Pods_zipkok.framework in Frameworks */ = {isa = PBXBuildFile; fileRef = F6EFF5BB33C933D242922653 /* Pods_zipkok.framework */; };
/* End PBXBuildFile section */

/* Begin PBXFileReference section */
		028033563880B20D59FAA30C /* Pods-zipkok.release.xcconfig */ = {isa = PBXFileReference; includeInIndex = 1; lastKnownFileType = text.xcconfig; name = "Pods-zipkok.release.xcconfig"; path = "Target Support Files/Pods-zipkok/Pods-zipkok.release.xcconfig"; sourceTree = "<group>"; };
		3B0AFF769C981269E21538EA /* Pods-zipkok.debug.xcconfig */ = {isa = PBXFileReference; includeInIndex = 1; lastKnownFileType = text.xcconfig; name = "Pods-zipkok.debug.xcconfig"; path = "Target Support Files/Pods-zipkok/Pods-zipkok.debug.xcconfig"; sourceTree = "<group>"; };
		3C15519725AD3CF90030949D /* TimerViewController.swift */ = {isa = PBXFileReference; lastKnownFileType = sourcecode.swift; path = TimerViewController.swift; sourceTree = "<group>"; };
		3C15519A25AD3D010030949D /* Timer.storyboard */ = {isa = PBXFileReference; lastKnownFileType = file.storyboard; path = Timer.storyboard; sourceTree = "<group>"; };
		3C1551A025AD6D260030949D /* ChallengeSuccessAlertView.swift */ = {isa = PBXFileReference; lastKnownFileType = sourcecode.swift; path = ChallengeSuccessAlertView.swift; sourceTree = "<group>"; };
		3C1551A325AD6D5D0030949D /* ChallengeSuccessAlertView.xib */ = {isa = PBXFileReference; lastKnownFileType = file.xib; path = ChallengeSuccessAlertView.xib; sourceTree = "<group>"; };
		3C356DF625AA9A5200629143 /* LoginViewController.swift */ = {isa = PBXFileReference; lastKnownFileType = sourcecode.swift; path = LoginViewController.swift; sourceTree = "<group>"; };
		3C356DF925AA9BA600629143 /* MainViewController.swift */ = {isa = PBXFileReference; lastKnownFileType = sourcecode.swift; path = MainViewController.swift; sourceTree = "<group>"; };
		3C356DFC25AA9F3000629143 /* Location.storyboard */ = {isa = PBXFileReference; lastKnownFileType = file.storyboard; path = Location.storyboard; sourceTree = "<group>"; };
		3C356E0125AAA1F300629143 /* LocationViewController.swift */ = {isa = PBXFileReference; lastKnownFileType = sourcecode.swift; path = LocationViewController.swift; sourceTree = "<group>"; };
		3C356E0B25AAC78D00629143 /* NotoSansCJKkr-Bold.otf */ = {isa = PBXFileReference; lastKnownFileType = file; path = "NotoSansCJKkr-Bold.otf"; sourceTree = "<group>"; };
		3C356E1825AAE1F100629143 /* LocationWebViewController.swift */ = {isa = PBXFileReference; lastKnownFileType = sourcecode.swift; path = LocationWebViewController.swift; sourceTree = "<group>"; };
		3C356E1B25AAE20300629143 /* LocationWeb.storyboard */ = {isa = PBXFileReference; lastKnownFileType = file.storyboard; path = LocationWeb.storyboard; sourceTree = "<group>"; };
		3C356E1F25AAEF4B00629143 /* LoginNavigationViewController.swift */ = {isa = PBXFileReference; lastKnownFileType = sourcecode.swift; path = LoginNavigationViewController.swift; sourceTree = "<group>"; };
		3C356E2225AAF95C00629143 /* WkWebViewSimpleBar.swift */ = {isa = PBXFileReference; lastKnownFileType = sourcecode.swift; path = WkWebViewSimpleBar.swift; sourceTree = "<group>"; };
		3C60605025ADF36E0070F58A /* ChallengeTimerView.swift */ = {isa = PBXFileReference; lastKnownFileType = sourcecode.swift; path = ChallengeTimerView.swift; sourceTree = "<group>"; };
		3C72DA0925A9F1C4001567B4 /* zipkok.app */ = {isa = PBXFileReference; explicitFileType = wrapper.application; includeInIndex = 0; path = zipkok.app; sourceTree = BUILT_PRODUCTS_DIR; };
		3C72DA0C25A9F1C4001567B4 /* AppDelegate.swift */ = {isa = PBXFileReference; lastKnownFileType = sourcecode.swift; path = AppDelegate.swift; sourceTree = "<group>"; };
		3C72DA0E25A9F1C4001567B4 /* SceneDelegate.swift */ = {isa = PBXFileReference; lastKnownFileType = sourcecode.swift; path = SceneDelegate.swift; sourceTree = "<group>"; };
		3C72DA1025A9F1C4001567B4 /* TestViewController.swift */ = {isa = PBXFileReference; lastKnownFileType = sourcecode.swift; path = TestViewController.swift; sourceTree = "<group>"; };
		3C72DA1325A9F1C4001567B4 /* Base */ = {isa = PBXFileReference; lastKnownFileType = file.storyboard; name = Base; path = Base.lproj/Main.storyboard; sourceTree = "<group>"; };
		3C72DA1525A9F1C5001567B4 /* Assets.xcassets */ = {isa = PBXFileReference; lastKnownFileType = folder.assetcatalog; path = Assets.xcassets; sourceTree = "<group>"; };
		3C72DA1825A9F1C5001567B4 /* Base */ = {isa = PBXFileReference; lastKnownFileType = file.storyboard; name = Base; path = Base.lproj/LaunchScreen.storyboard; sourceTree = "<group>"; };
		3C72DA1A25A9F1C5001567B4 /* Info.plist */ = {isa = PBXFileReference; lastKnownFileType = text.plist.xml; path = Info.plist; sourceTree = "<group>"; };
		3C72DA2525A9F5C1001567B4 /* NotoSansCJKkr-Regular.otf */ = {isa = PBXFileReference; lastKnownFileType = file; path = "NotoSansCJKkr-Regular.otf"; sourceTree = "<group>"; };
		3C72DA2625A9F5C1001567B4 /* NotoSansCJKkr-Medium.otf */ = {isa = PBXFileReference; lastKnownFileType = file; path = "NotoSansCJKkr-Medium.otf"; sourceTree = "<group>"; };
		3C72DA2C25A9FAE1001567B4 /* Login.storyboard */ = {isa = PBXFileReference; lastKnownFileType = file.storyboard; path = Login.storyboard; sourceTree = "<group>"; };
		3C72DA2F25A9FC49001567B4 /* THEFACESHOP+INKLIPQUID.otf */ = {isa = PBXFileReference; lastKnownFileType = file; path = "THEFACESHOP+INKLIPQUID.otf"; sourceTree = "<group>"; };
		3CB0614725AB404D0088ACFD /* ChallengeQuitAlertView.swift */ = {isa = PBXFileReference; lastKnownFileType = sourcecode.swift; path = ChallengeQuitAlertView.swift; sourceTree = "<group>"; };
		3CB0614A25AB405E0088ACFD /* ChallengeQuitAlertView.xib */ = {isa = PBXFileReference; lastKnownFileType = file.xib; path = ChallengeQuitAlertView.xib; sourceTree = "<group>"; };
		3CB0614D25ABE41C0088ACFD /* HomeViewController.swift */ = {isa = PBXFileReference; lastKnownFileType = sourcecode.swift; path = HomeViewController.swift; sourceTree = "<group>"; };
		3CB0615225ABE4330088ACFD /* Home.storyboard */ = {isa = PBXFileReference; lastKnownFileType = file.storyboard; path = Home.storyboard; sourceTree = "<group>"; };
		3CB0615525ABEAFB0088ACFD /* HomeNavigationViewController.swift */ = {isa = PBXFileReference; lastKnownFileType = sourcecode.swift; path = HomeNavigationViewController.swift; sourceTree = "<group>"; };
		3CB0615925ABEF9D0088ACFD /* SettingViewController.swift */ = {isa = PBXFileReference; lastKnownFileType = sourcecode.swift; path = SettingViewController.swift; sourceTree = "<group>"; };
		3CB0615E25ABEFB10088ACFD /* Setting.storyboard */ = {isa = PBXFileReference; lastKnownFileType = file.storyboard; path = Setting.storyboard; sourceTree = "<group>"; };
		3CB0616225ABFDE80088ACFD /* SettingProfileCell.swift */ = {isa = PBXFileReference; lastKnownFileType = sourcecode.swift; path = SettingProfileCell.swift; sourceTree = "<group>"; };
		3CB0616325ABFDE80088ACFD /* SettingProfileCell.xib */ = {isa = PBXFileReference; lastKnownFileType = file.xib; path = SettingProfileCell.xib; sourceTree = "<group>"; };
		3CB0616A25AC08100088ACFD /* SettingNavigatorCell.swift */ = {isa = PBXFileReference; lastKnownFileType = sourcecode.swift; path = SettingNavigatorCell.swift; sourceTree = "<group>"; };
		3CB0616B25AC08100088ACFD /* SettingNavigatorCell.xib */ = {isa = PBXFileReference; lastKnownFileType = file.xib; path = SettingNavigatorCell.xib; sourceTree = "<group>"; };
		3CB0617A25AC18A90088ACFD /* TimerSettingViewController.swift */ = {isa = PBXFileReference; lastKnownFileType = sourcecode.swift; path = TimerSettingViewController.swift; sourceTree = "<group>"; };
		3CB0617F25AC18BF0088ACFD /* TimerSetting.storyboard */ = {isa = PBXFileReference; lastKnownFileType = file.storyboard; path = TimerSetting.storyboard; sourceTree = "<group>"; };
		3CE3C1A225B7A6B8003DF328 /* SelectChallenge.storyboard */ = {isa = PBXFileReference; lastKnownFileType = file.storyboard; path = SelectChallenge.storyboard; sourceTree = "<group>"; };
		3CE3C1A625B7A6D3003DF328 /* SelectChallengeViewController.swift */ = {isa = PBXFileReference; lastKnownFileType = sourcecode.swift; path = SelectChallengeViewController.swift; sourceTree = "<group>"; };
		3CE3C1AA25B7AB70003DF328 /* SelectChallengeCell.swift */ = {isa = PBXFileReference; lastKnownFileType = sourcecode.swift; path = SelectChallengeCell.swift; sourceTree = "<group>"; };
		3CE3C1AB25B7AB70003DF328 /* SelectChallengeCell.xib */ = {isa = PBXFileReference; lastKnownFileType = file.xib; path = SelectChallengeCell.xib; sourceTree = "<group>"; };
		3CE3C1B225B7B3D0003DF328 /* CustomSelectChallengeCell.swift */ = {isa = PBXFileReference; lastKnownFileType = sourcecode.swift; path = CustomSelectChallengeCell.swift; sourceTree = "<group>"; };
		3CE3C1B325B7B3D0003DF328 /* CustomSelectChallengeCell.xib */ = {isa = PBXFileReference; lastKnownFileType = file.xib; path = CustomSelectChallengeCell.xib; sourceTree = "<group>"; };
		3CE3C1B725B7B524003DF328 /* Observable.swift */ = {isa = PBXFileReference; lastKnownFileType = sourcecode.swift; path = Observable.swift; sourceTree = "<group>"; };
		3CE3C1BA25B7B574003DF328 /* SelectChallengeViewModel.swift */ = {isa = PBXFileReference; lastKnownFileType = sourcecode.swift; path = SelectChallengeViewModel.swift; sourceTree = "<group>"; };
		3CE3C1BF25B7B5A8003DF328 /* Challenge.swift */ = {isa = PBXFileReference; lastKnownFileType = sourcecode.swift; path = Challenge.swift; sourceTree = "<group>"; };
		3CE3C1CB25B82691003DF328 /* KakaoApi.swift */ = {isa = PBXFileReference; lastKnownFileType = sourcecode.swift; path = KakaoApi.swift; sourceTree = "<group>"; };
		3CE3C1D225B82C3B003DF328 /* KeyChainManager.swift */ = {isa = PBXFileReference; lastKnownFileType = sourcecode.swift; path = KeyChainManager.swift; sourceTree = "<group>"; };
		3CE3C1D825B8644F003DF328 /* SettingViewModel.swift */ = {isa = PBXFileReference; lastKnownFileType = sourcecode.swift; path = SettingViewModel.swift; sourceTree = "<group>"; };
		3CEC75D325AD93D90016738F /* Montserrat-Regular.ttf */ = {isa = PBXFileReference; lastKnownFileType = file; path = "Montserrat-Regular.ttf"; sourceTree = "<group>"; };
		3CEC75D625AD93E30016738F /* Montserrat-Medium.ttf */ = {isa = PBXFileReference; lastKnownFileType = file; path = "Montserrat-Medium.ttf"; sourceTree = "<group>"; };
		3CF8025025B06ED000E3A71D /* dottedLineView.swift */ = {isa = PBXFileReference; lastKnownFileType = sourcecode.swift; path = dottedLineView.swift; sourceTree = "<group>"; };
		3CF8025425B077F300E3A71D /* DateManager.swift */ = {isa = PBXFileReference; lastKnownFileType = sourcecode.swift; path = DateManager.swift; sourceTree = "<group>"; };
		3CF8025725B125AC00E3A71D /* letterSpacingLabel.swift */ = {isa = PBXFileReference; lastKnownFileType = sourcecode.swift; path = letterSpacingLabel.swift; sourceTree = "<group>"; };
		3CF8027325B167F700E3A71D /* GeoCodingApi.swift */ = {isa = PBXFileReference; lastKnownFileType = sourcecode.swift; path = GeoCodingApi.swift; sourceTree = "<group>"; };
		3CF8027D25B2DAD300E3A71D /* ZipkokApi.swift */ = {isa = PBXFileReference; lastKnownFileType = sourcecode.swift; path = ZipkokApi.swift; sourceTree = "<group>"; };
		3CF8028225B2F3E700E3A71D /* Test.storyboard */ = {isa = PBXFileReference; lastKnownFileType = file.storyboard; path = Test.storyboard; sourceTree = "<group>"; };
		3CF8028E25B339C700E3A71D /* Wireframe.storyboard */ = {isa = PBXFileReference; lastKnownFileType = file.storyboard; path = Wireframe.storyboard; sourceTree = "<group>"; };
		F6EFF5BB33C933D242922653 /* Pods_zipkok.framework */ = {isa = PBXFileReference; explicitFileType = wrapper.framework; includeInIndex = 0; path = Pods_zipkok.framework; sourceTree = BUILT_PRODUCTS_DIR; };
/* End PBXFileReference section */

/* Begin PBXFrameworksBuildPhase section */
		3C72DA0625A9F1C4001567B4 /* Frameworks */ = {
			isa = PBXFrameworksBuildPhase;
			buildActionMask = 2147483647;
			files = (
				FA166C15DA7242FCC3AE4C49 /* Pods_zipkok.framework in Frameworks */,
			);
			runOnlyForDeploymentPostprocessing = 0;
		};
/* End PBXFrameworksBuildPhase section */

/* Begin PBXGroup section */
		0E54305CEF3744EDADB6BFAE /* Frameworks */ = {
			isa = PBXGroup;
			children = (
				F6EFF5BB33C933D242922653 /* Pods_zipkok.framework */,
			);
			name = Frameworks;
			sourceTree = "<group>";
		};
		3C356DF425AA990F00629143 /* Login */ = {
			isa = PBXGroup;
			children = (
				3C72DA2C25A9FAE1001567B4 /* Login.storyboard */,
				3C356DF625AA9A5200629143 /* LoginViewController.swift */,
				3C356E1F25AAEF4B00629143 /* LoginNavigationViewController.swift */,
			);
			path = Login;
			sourceTree = "<group>";
		};
		3C356DFF25AAA1E700629143 /* Location */ = {
			isa = PBXGroup;
			children = (
				3C356DFC25AA9F3000629143 /* Location.storyboard */,
				3C356E0125AAA1F300629143 /* LocationViewController.swift */,
				3C356E1B25AAE20300629143 /* LocationWeb.storyboard */,
				3C356E1825AAE1F100629143 /* LocationWebViewController.swift */,
			);
			path = Location;
			sourceTree = "<group>";
		};
		3C356E0725AAB97500629143 /* Support */ = {
			isa = PBXGroup;
			children = (
				3C356E0925AAB98100629143 /* View */,
				3CF8027B25B1682B00E3A71D /* Manager */,
				3CE3C1D025B82C1F003DF328 /* Model */,
				3CE3C1CE25B82BFF003DF328 /* Network */,
			);
			path = Support;
			sourceTree = "<group>";
		};
		3C356E0925AAB98100629143 /* View */ = {
			isa = PBXGroup;
			children = (
				3C356E2225AAF95C00629143 /* WkWebViewSimpleBar.swift */,
				3C1551A025AD6D260030949D /* ChallengeSuccessAlertView.swift */,
				3C1551A325AD6D5D0030949D /* ChallengeSuccessAlertView.xib */,
				3CB0614725AB404D0088ACFD /* ChallengeQuitAlertView.swift */,
				3CB0614A25AB405E0088ACFD /* ChallengeQuitAlertView.xib */,
				3C60605025ADF36E0070F58A /* ChallengeTimerView.swift */,
				3CF8025025B06ED000E3A71D /* dottedLineView.swift */,
				3CF8025725B125AC00E3A71D /* letterSpacingLabel.swift */,
			);
			path = View;
			sourceTree = "<group>";
		};
		3C72DA0025A9F1C4001567B4 = {
			isa = PBXGroup;
			children = (
				3C72DA0B25A9F1C4001567B4 /* zipkok */,
				3C72DA0A25A9F1C4001567B4 /* Products */,
				5453E39C72D8147997ADA637 /* Pods */,
				0E54305CEF3744EDADB6BFAE /* Frameworks */,
			);
			sourceTree = "<group>";
		};
		3C72DA0A25A9F1C4001567B4 /* Products */ = {
			isa = PBXGroup;
			children = (
				3C72DA0925A9F1C4001567B4 /* zipkok.app */,
			);
			name = Products;
			sourceTree = "<group>";
		};
		3C72DA0B25A9F1C4001567B4 /* zipkok */ = {
			isa = PBXGroup;
			children = (
				3C72DA0C25A9F1C4001567B4 /* AppDelegate.swift */,
				3C72DA0E25A9F1C4001567B4 /* SceneDelegate.swift */,
				3C72DA1025A9F1C4001567B4 /* TestViewController.swift */,
				3CF8028225B2F3E700E3A71D /* Test.storyboard */,
				3C72DA1225A9F1C4001567B4 /* Main.storyboard */,
				3CF8028E25B339C700E3A71D /* Wireframe.storyboard */,
				3C356DF925AA9BA600629143 /* MainViewController.swift */,
				3CB0615025ABE4250088ACFD /* Home */,
				3CE3C1A525B7A6BD003DF328 /* Select */,
				3CB0617D25AC18AF0088ACFD /* Timer */,
				3CB0615C25ABEFA20088ACFD /* Setting */,
				3C356DF425AA990F00629143 /* Login */,
				3C356DFF25AAA1E700629143 /* Location */,
				3C72DA1525A9F1C5001567B4 /* Assets.xcassets */,
				3C72DA1725A9F1C5001567B4 /* LaunchScreen.storyboard */,
				3C72DA1A25A9F1C5001567B4 /* Info.plist */,
				3C356E0725AAB97500629143 /* Support */,
				3C72DA2A25A9F5C7001567B4 /* font */,
			);
			path = zipkok;
			sourceTree = "<group>";
		};
		3C72DA2A25A9F5C7001567B4 /* font */ = {
			isa = PBXGroup;
			children = (
				3CEC75D625AD93E30016738F /* Montserrat-Medium.ttf */,
				3CEC75D325AD93D90016738F /* Montserrat-Regular.ttf */,
				3C72DA2F25A9FC49001567B4 /* THEFACESHOP+INKLIPQUID.otf */,
				3C72DA2625A9F5C1001567B4 /* NotoSansCJKkr-Medium.otf */,
				3C356E0B25AAC78D00629143 /* NotoSansCJKkr-Bold.otf */,
				3C72DA2525A9F5C1001567B4 /* NotoSansCJKkr-Regular.otf */,
			);
			path = font;
			sourceTree = "<group>";
		};
		3CB0615025ABE4250088ACFD /* Home */ = {
			isa = PBXGroup;
			children = (
				3CB0615525ABEAFB0088ACFD /* HomeNavigationViewController.swift */,
				3CB0614D25ABE41C0088ACFD /* HomeViewController.swift */,
				3CB0615225ABE4330088ACFD /* Home.storyboard */,
			);
			path = Home;
			sourceTree = "<group>";
		};
		3CB0615C25ABEFA20088ACFD /* Setting */ = {
			isa = PBXGroup;
			children = (
				3CB0616725ABFDED0088ACFD /* View */,
				3CB0615925ABEF9D0088ACFD /* SettingViewController.swift */,
				3CB0615E25ABEFB10088ACFD /* Setting.storyboard */,
				3CE3C1DC25B86453003DF328 /* ViewModel */,
			);
			path = Setting;
			sourceTree = "<group>";
		};
		3CB0616725ABFDED0088ACFD /* View */ = {
			isa = PBXGroup;
			children = (
				3CB0616225ABFDE80088ACFD /* SettingProfileCell.swift */,
				3CB0616325ABFDE80088ACFD /* SettingProfileCell.xib */,
				3CB0616A25AC08100088ACFD /* SettingNavigatorCell.swift */,
				3CB0616B25AC08100088ACFD /* SettingNavigatorCell.xib */,
			);
			path = View;
			sourceTree = "<group>";
		};
		3CB0617D25AC18AF0088ACFD /* Timer */ = {
			isa = PBXGroup;
			children = (
				3CB0617A25AC18A90088ACFD /* TimerSettingViewController.swift */,
				3CB0617F25AC18BF0088ACFD /* TimerSetting.storyboard */,
				3C15519725AD3CF90030949D /* TimerViewController.swift */,
				3C15519A25AD3D010030949D /* Timer.storyboard */,
			);
			path = Timer;
			sourceTree = "<group>";
		};
		3CE3C1A525B7A6BD003DF328 /* Select */ = {
			isa = PBXGroup;
			children = (
				3CE3C1A225B7A6B8003DF328 /* SelectChallenge.storyboard */,
				3CE3C1A625B7A6D3003DF328 /* SelectChallengeViewController.swift */,
				3CE3C1AF25B7AB74003DF328 /* View */,
				3CE3C1D625B85B59003DF328 /* ViewModel */,
				3CE3C1BD25B7B577003DF328 /* Model */,
			);
			path = Select;
			sourceTree = "<group>";
		};
		3CE3C1AF25B7AB74003DF328 /* View */ = {
			isa = PBXGroup;
			children = (
				3CE3C1AA25B7AB70003DF328 /* SelectChallengeCell.swift */,
				3CE3C1AB25B7AB70003DF328 /* SelectChallengeCell.xib */,
				3CE3C1B225B7B3D0003DF328 /* CustomSelectChallengeCell.swift */,
				3CE3C1B325B7B3D0003DF328 /* CustomSelectChallengeCell.xib */,
			);
			path = View;
			sourceTree = "<group>";
		};
		3CE3C1BD25B7B577003DF328 /* Model */ = {
			isa = PBXGroup;
			children = (
				3CE3C1BF25B7B5A8003DF328 /* Challenge.swift */,
			);
			path = Model;
			sourceTree = "<group>";
		};
		3CE3C1CE25B82BFF003DF328 /* Network */ = {
			isa = PBXGroup;
			children = (
				3CF8027D25B2DAD300E3A71D /* ZipkokApi.swift */,
				3CE3C1CB25B82691003DF328 /* KakaoApi.swift */,
				3CF8027825B1680E00E3A71D /* GeoCoding */,
			);
			path = Network;
			sourceTree = "<group>";
		};
		3CE3C1D025B82C1F003DF328 /* Model */ = {
			isa = PBXGroup;
			children = (
				3CE3C1B725B7B524003DF328 /* Observable.swift */,
			);
			path = Model;
			sourceTree = "<group>";
		};
		3CE3C1D625B85B59003DF328 /* ViewModel */ = {
			isa = PBXGroup;
			children = (
				3CE3C1BA25B7B574003DF328 /* SelectChallengeViewModel.swift */,
			);
			path = ViewModel;
			sourceTree = "<group>";
		};
		3CE3C1DC25B86453003DF328 /* ViewModel */ = {
			isa = PBXGroup;
			children = (
				3CE3C1D825B8644F003DF328 /* SettingViewModel.swift */,
			);
			path = ViewModel;
			sourceTree = "<group>";
		};
		3CF8027825B1680E00E3A71D /* GeoCoding */ = {
			isa = PBXGroup;
			children = (
				3CF8027325B167F700E3A71D /* GeoCodingApi.swift */,
			);
			path = GeoCoding;
			sourceTree = "<group>";
		};
		3CF8027B25B1682B00E3A71D /* Manager */ = {
			isa = PBXGroup;
			children = (
				3CF8025425B077F300E3A71D /* DateManager.swift */,
				3CE3C1D225B82C3B003DF328 /* KeyChainManager.swift */,
			);
			path = Manager;
			sourceTree = "<group>";
		};
		5453E39C72D8147997ADA637 /* Pods */ = {
			isa = PBXGroup;
			children = (
				3B0AFF769C981269E21538EA /* Pods-zipkok.debug.xcconfig */,
				028033563880B20D59FAA30C /* Pods-zipkok.release.xcconfig */,
			);
			path = Pods;
			sourceTree = "<group>";
		};
/* End PBXGroup section */

/* Begin PBXNativeTarget section */
		3C72DA0825A9F1C4001567B4 /* zipkok */ = {
			isa = PBXNativeTarget;
			buildConfigurationList = 3C72DA1D25A9F1C5001567B4 /* Build configuration list for PBXNativeTarget "zipkok" */;
			buildPhases = (
				37673C472B8967E0C18B9464 /* [CP] Check Pods Manifest.lock */,
				3C72DA0525A9F1C4001567B4 /* Sources */,
				3C72DA0625A9F1C4001567B4 /* Frameworks */,
				3C72DA0725A9F1C4001567B4 /* Resources */,
				691ECAC5E7BBBC182298E60A /* [CP] Embed Pods Frameworks */,
			);
			buildRules = (
			);
			dependencies = (
			);
			name = zipkok;
			productName = zipkok;
			productReference = 3C72DA0925A9F1C4001567B4 /* zipkok.app */;
			productType = "com.apple.product-type.application";
		};
/* End PBXNativeTarget section */

/* Begin PBXProject section */
		3C72DA0125A9F1C4001567B4 /* Project object */ = {
			isa = PBXProject;
			attributes = {
				LastSwiftUpdateCheck = 1230;
				LastUpgradeCheck = 1230;
				TargetAttributes = {
					3C72DA0825A9F1C4001567B4 = {
						CreatedOnToolsVersion = 12.3;
					};
				};
			};
			buildConfigurationList = 3C72DA0425A9F1C4001567B4 /* Build configuration list for PBXProject "zipkok" */;
			compatibilityVersion = "Xcode 9.3";
			developmentRegion = en;
			hasScannedForEncodings = 0;
			knownRegions = (
				en,
				Base,
			);
			mainGroup = 3C72DA0025A9F1C4001567B4;
			productRefGroup = 3C72DA0A25A9F1C4001567B4 /* Products */;
			projectDirPath = "";
			projectRoot = "";
			targets = (
				3C72DA0825A9F1C4001567B4 /* zipkok */,
			);
		};
/* End PBXProject section */

/* Begin PBXResourcesBuildPhase section */
		3C72DA0725A9F1C4001567B4 /* Resources */ = {
			isa = PBXResourcesBuildPhase;
			buildActionMask = 2147483647;
			files = (
				3CE3C1B525B7B3D0003DF328 /* CustomSelectChallengeCell.xib in Resources */,
				3C72DA1925A9F1C5001567B4 /* LaunchScreen.storyboard in Resources */,
				3C1551A425AD6D5E0030949D /* ChallengeSuccessAlertView.xib in Resources */,
				3CB0614B25AB405E0088ACFD /* ChallengeQuitAlertView.xib in Resources */,
				3C72DA2725A9F5C1001567B4 /* NotoSansCJKkr-Regular.otf in Resources */,
				3CB0616D25AC08100088ACFD /* SettingNavigatorCell.xib in Resources */,
				3CF8028F25B339C700E3A71D /* Wireframe.storyboard in Resources */,
				3CB0615325ABE4330088ACFD /* Home.storyboard in Resources */,
				3C356E1C25AAE20300629143 /* LocationWeb.storyboard in Resources */,
				3CEC75D425AD93D90016738F /* Montserrat-Regular.ttf in Resources */,
				3C72DA3025A9FC49001567B4 /* THEFACESHOP+INKLIPQUID.otf in Resources */,
				3CEC75D725AD93E30016738F /* Montserrat-Medium.ttf in Resources */,
				3CE3C1AD25B7AB70003DF328 /* SelectChallengeCell.xib in Resources */,
				3C356DFD25AA9F3000629143 /* Location.storyboard in Resources */,
				3C72DA2D25A9FAE1001567B4 /* Login.storyboard in Resources */,
				3CF8028325B2F3E700E3A71D /* Test.storyboard in Resources */,
				3C72DA1625A9F1C5001567B4 /* Assets.xcassets in Resources */,
				3C72DA1425A9F1C4001567B4 /* Main.storyboard in Resources */,
				3CB0616525ABFDE80088ACFD /* SettingProfileCell.xib in Resources */,
				3CE3C1A325B7A6B8003DF328 /* SelectChallenge.storyboard in Resources */,
				3C15519B25AD3D010030949D /* Timer.storyboard in Resources */,
				3C72DA2825A9F5C1001567B4 /* NotoSansCJKkr-Medium.otf in Resources */,
				3CB0618025AC18BF0088ACFD /* TimerSetting.storyboard in Resources */,
				3C356E0C25AAC78D00629143 /* NotoSansCJKkr-Bold.otf in Resources */,
				3CB0615F25ABEFB10088ACFD /* Setting.storyboard in Resources */,
			);
			runOnlyForDeploymentPostprocessing = 0;
		};
/* End PBXResourcesBuildPhase section */

/* Begin PBXShellScriptBuildPhase section */
		37673C472B8967E0C18B9464 /* [CP] Check Pods Manifest.lock */ = {
			isa = PBXShellScriptBuildPhase;
			buildActionMask = 2147483647;
			files = (
			);
			inputFileListPaths = (
			);
			inputPaths = (
				"${PODS_PODFILE_DIR_PATH}/Podfile.lock",
				"${PODS_ROOT}/Manifest.lock",
			);
			name = "[CP] Check Pods Manifest.lock";
			outputFileListPaths = (
			);
			outputPaths = (
				"$(DERIVED_FILE_DIR)/Pods-zipkok-checkManifestLockResult.txt",
			);
			runOnlyForDeploymentPostprocessing = 0;
			shellPath = /bin/sh;
			shellScript = "diff \"${PODS_PODFILE_DIR_PATH}/Podfile.lock\" \"${PODS_ROOT}/Manifest.lock\" > /dev/null\nif [ $? != 0 ] ; then\n    # print error to STDERR\n    echo \"error: The sandbox is not in sync with the Podfile.lock. Run 'pod install' or update your CocoaPods installation.\" >&2\n    exit 1\nfi\n# This output is used by Xcode 'outputs' to avoid re-running this script phase.\necho \"SUCCESS\" > \"${SCRIPT_OUTPUT_FILE_0}\"\n";
			showEnvVarsInLog = 0;
		};
		691ECAC5E7BBBC182298E60A /* [CP] Embed Pods Frameworks */ = {
			isa = PBXShellScriptBuildPhase;
			buildActionMask = 2147483647;
			files = (
			);
			inputFileListPaths = (
				"${PODS_ROOT}/Target Support Files/Pods-zipkok/Pods-zipkok-frameworks-${CONFIGURATION}-input-files.xcfilelist",
			);
			name = "[CP] Embed Pods Frameworks";
			outputFileListPaths = (
				"${PODS_ROOT}/Target Support Files/Pods-zipkok/Pods-zipkok-frameworks-${CONFIGURATION}-output-files.xcfilelist",
			);
			runOnlyForDeploymentPostprocessing = 0;
			shellPath = /bin/sh;
			shellScript = "\"${PODS_ROOT}/Target Support Files/Pods-zipkok/Pods-zipkok-frameworks.sh\"\n";
			showEnvVarsInLog = 0;
		};
/* End PBXShellScriptBuildPhase section */

/* Begin PBXSourcesBuildPhase section */
		3C72DA0525A9F1C4001567B4 /* Sources */ = {
			isa = PBXSourcesBuildPhase;
			buildActionMask = 2147483647;
			files = (
				3C356E1925AAE1F100629143 /* LocationWebViewController.swift in Sources */,
				3C356DF725AA9A5200629143 /* LoginViewController.swift in Sources */,
				3CF8025525B077F300E3A71D /* DateManager.swift in Sources */,
				3CE3C1AC25B7AB70003DF328 /* SelectChallengeCell.swift in Sources */,
				3CF8025125B06ED000E3A71D /* dottedLineView.swift in Sources */,
				3CF8027E25B2DAD300E3A71D /* ZipkokApi.swift in Sources */,
				3C72DA1125A9F1C4001567B4 /* TestViewController.swift in Sources */,
				3C60605125ADF36E0070F58A /* ChallengeTimerView.swift in Sources */,
				3C72DA0D25A9F1C4001567B4 /* AppDelegate.swift in Sources */,
				3C1551A125AD6D260030949D /* ChallengeSuccessAlertView.swift in Sources */,
				3CE3C1CC25B82691003DF328 /* KakaoApi.swift in Sources */,
				3C356E2025AAEF4B00629143 /* LoginNavigationViewController.swift in Sources */,
				3CB0615A25ABEF9D0088ACFD /* SettingViewController.swift in Sources */,
				3C356E0225AAA1F300629143 /* LocationViewController.swift in Sources */,
				3C72DA0F25A9F1C4001567B4 /* SceneDelegate.swift in Sources */,
				3CB0614825AB404D0088ACFD /* ChallengeQuitAlertView.swift in Sources */,
				3C15519825AD3CF90030949D /* TimerViewController.swift in Sources */,
				3CF8025825B125AC00E3A71D /* letterSpacingLabel.swift in Sources */,
				3CB0617B25AC18A90088ACFD /* TimerSettingViewController.swift in Sources */,
				3CE3C1D925B8644F003DF328 /* SettingViewModel.swift in Sources */,
				3CB0615625ABEAFC0088ACFD /* HomeNavigationViewController.swift in Sources */,
				3CE3C1C025B7B5A8003DF328 /* Challenge.swift in Sources */,
				3CF8027425B167F700E3A71D /* GeoCodingApi.swift in Sources */,
				3CE3C1B425B7B3D0003DF328 /* CustomSelectChallengeCell.swift in Sources */,
				3CE3C1D325B82C3B003DF328 /* KeyChainManager.swift in Sources */,
				3CE3C1BB25B7B574003DF328 /* SelectChallengeViewModel.swift in Sources */,
				3CE3C1A725B7A6D3003DF328 /* SelectChallengeViewController.swift in Sources */,
				3C356DFA25AA9BA600629143 /* MainViewController.swift in Sources */,
				3CB0616425ABFDE80088ACFD /* SettingProfileCell.swift in Sources */,
				3CE3C1B825B7B524003DF328 /* Observable.swift in Sources */,
				3C356E2325AAF95C00629143 /* WkWebViewSimpleBar.swift in Sources */,
				3CB0616C25AC08100088ACFD /* SettingNavigatorCell.swift in Sources */,
				3CB0614E25ABE41C0088ACFD /* HomeViewController.swift in Sources */,
			);
			runOnlyForDeploymentPostprocessing = 0;
		};
/* End PBXSourcesBuildPhase section */

/* Begin PBXVariantGroup section */
		3C72DA1225A9F1C4001567B4 /* Main.storyboard */ = {
			isa = PBXVariantGroup;
			children = (
				3C72DA1325A9F1C4001567B4 /* Base */,
			);
			name = Main.storyboard;
			sourceTree = "<group>";
		};
		3C72DA1725A9F1C5001567B4 /* LaunchScreen.storyboard */ = {
			isa = PBXVariantGroup;
			children = (
				3C72DA1825A9F1C5001567B4 /* Base */,
			);
			name = LaunchScreen.storyboard;
			sourceTree = "<group>";
		};
/* End PBXVariantGroup section */

/* Begin XCBuildConfiguration section */
		3C72DA1B25A9F1C5001567B4 /* Debug */ = {
			isa = XCBuildConfiguration;
			buildSettings = {
				ALWAYS_SEARCH_USER_PATHS = NO;
				CLANG_ANALYZER_NONNULL = YES;
				CLANG_ANALYZER_NUMBER_OBJECT_CONVERSION = YES_AGGRESSIVE;
				CLANG_CXX_LANGUAGE_STANDARD = "gnu++14";
				CLANG_CXX_LIBRARY = "libc++";
				CLANG_ENABLE_MODULES = YES;
				CLANG_ENABLE_OBJC_ARC = YES;
				CLANG_ENABLE_OBJC_WEAK = YES;
				CLANG_WARN_BLOCK_CAPTURE_AUTORELEASING = YES;
				CLANG_WARN_BOOL_CONVERSION = YES;
				CLANG_WARN_COMMA = YES;
				CLANG_WARN_CONSTANT_CONVERSION = YES;
				CLANG_WARN_DEPRECATED_OBJC_IMPLEMENTATIONS = YES;
				CLANG_WARN_DIRECT_OBJC_ISA_USAGE = YES_ERROR;
				CLANG_WARN_DOCUMENTATION_COMMENTS = YES;
				CLANG_WARN_EMPTY_BODY = YES;
				CLANG_WARN_ENUM_CONVERSION = YES;
				CLANG_WARN_INFINITE_RECURSION = YES;
				CLANG_WARN_INT_CONVERSION = YES;
				CLANG_WARN_NON_LITERAL_NULL_CONVERSION = YES;
				CLANG_WARN_OBJC_IMPLICIT_RETAIN_SELF = YES;
				CLANG_WARN_OBJC_LITERAL_CONVERSION = YES;
				CLANG_WARN_OBJC_ROOT_CLASS = YES_ERROR;
				CLANG_WARN_QUOTED_INCLUDE_IN_FRAMEWORK_HEADER = YES;
				CLANG_WARN_RANGE_LOOP_ANALYSIS = YES;
				CLANG_WARN_STRICT_PROTOTYPES = YES;
				CLANG_WARN_SUSPICIOUS_MOVE = YES;
				CLANG_WARN_UNGUARDED_AVAILABILITY = YES_AGGRESSIVE;
				CLANG_WARN_UNREACHABLE_CODE = YES;
				CLANG_WARN__DUPLICATE_METHOD_MATCH = YES;
				COPY_PHASE_STRIP = NO;
				DEBUG_INFORMATION_FORMAT = dwarf;
				ENABLE_STRICT_OBJC_MSGSEND = YES;
				ENABLE_TESTABILITY = YES;
				GCC_C_LANGUAGE_STANDARD = gnu11;
				GCC_DYNAMIC_NO_PIC = NO;
				GCC_NO_COMMON_BLOCKS = YES;
				GCC_OPTIMIZATION_LEVEL = 0;
				GCC_PREPROCESSOR_DEFINITIONS = (
					"DEBUG=1",
					"$(inherited)",
				);
				GCC_WARN_64_TO_32_BIT_CONVERSION = YES;
				GCC_WARN_ABOUT_RETURN_TYPE = YES_ERROR;
				GCC_WARN_UNDECLARED_SELECTOR = YES;
				GCC_WARN_UNINITIALIZED_AUTOS = YES_AGGRESSIVE;
				GCC_WARN_UNUSED_FUNCTION = YES;
				GCC_WARN_UNUSED_VARIABLE = YES;
				IPHONEOS_DEPLOYMENT_TARGET = 13.0;
				MTL_ENABLE_DEBUG_INFO = INCLUDE_SOURCE;
				MTL_FAST_MATH = YES;
				ONLY_ACTIVE_ARCH = YES;
				SDKROOT = iphoneos;
				SWIFT_ACTIVE_COMPILATION_CONDITIONS = DEBUG;
				SWIFT_OPTIMIZATION_LEVEL = "-Onone";
			};
			name = Debug;
		};
		3C72DA1C25A9F1C5001567B4 /* Release */ = {
			isa = XCBuildConfiguration;
			buildSettings = {
				ALWAYS_SEARCH_USER_PATHS = NO;
				CLANG_ANALYZER_NONNULL = YES;
				CLANG_ANALYZER_NUMBER_OBJECT_CONVERSION = YES_AGGRESSIVE;
				CLANG_CXX_LANGUAGE_STANDARD = "gnu++14";
				CLANG_CXX_LIBRARY = "libc++";
				CLANG_ENABLE_MODULES = YES;
				CLANG_ENABLE_OBJC_ARC = YES;
				CLANG_ENABLE_OBJC_WEAK = YES;
				CLANG_WARN_BLOCK_CAPTURE_AUTORELEASING = YES;
				CLANG_WARN_BOOL_CONVERSION = YES;
				CLANG_WARN_COMMA = YES;
				CLANG_WARN_CONSTANT_CONVERSION = YES;
				CLANG_WARN_DEPRECATED_OBJC_IMPLEMENTATIONS = YES;
				CLANG_WARN_DIRECT_OBJC_ISA_USAGE = YES_ERROR;
				CLANG_WARN_DOCUMENTATION_COMMENTS = YES;
				CLANG_WARN_EMPTY_BODY = YES;
				CLANG_WARN_ENUM_CONVERSION = YES;
				CLANG_WARN_INFINITE_RECURSION = YES;
				CLANG_WARN_INT_CONVERSION = YES;
				CLANG_WARN_NON_LITERAL_NULL_CONVERSION = YES;
				CLANG_WARN_OBJC_IMPLICIT_RETAIN_SELF = YES;
				CLANG_WARN_OBJC_LITERAL_CONVERSION = YES;
				CLANG_WARN_OBJC_ROOT_CLASS = YES_ERROR;
				CLANG_WARN_QUOTED_INCLUDE_IN_FRAMEWORK_HEADER = YES;
				CLANG_WARN_RANGE_LOOP_ANALYSIS = YES;
				CLANG_WARN_STRICT_PROTOTYPES = YES;
				CLANG_WARN_SUSPICIOUS_MOVE = YES;
				CLANG_WARN_UNGUARDED_AVAILABILITY = YES_AGGRESSIVE;
				CLANG_WARN_UNREACHABLE_CODE = YES;
				CLANG_WARN__DUPLICATE_METHOD_MATCH = YES;
				COPY_PHASE_STRIP = NO;
				DEBUG_INFORMATION_FORMAT = "dwarf-with-dsym";
				ENABLE_NS_ASSERTIONS = NO;
				ENABLE_STRICT_OBJC_MSGSEND = YES;
				GCC_C_LANGUAGE_STANDARD = gnu11;
				GCC_NO_COMMON_BLOCKS = YES;
				GCC_WARN_64_TO_32_BIT_CONVERSION = YES;
				GCC_WARN_ABOUT_RETURN_TYPE = YES_ERROR;
				GCC_WARN_UNDECLARED_SELECTOR = YES;
				GCC_WARN_UNINITIALIZED_AUTOS = YES_AGGRESSIVE;
				GCC_WARN_UNUSED_FUNCTION = YES;
				GCC_WARN_UNUSED_VARIABLE = YES;
				IPHONEOS_DEPLOYMENT_TARGET = 13.0;
				MTL_ENABLE_DEBUG_INFO = NO;
				MTL_FAST_MATH = YES;
				SDKROOT = iphoneos;
				SWIFT_COMPILATION_MODE = wholemodule;
				SWIFT_OPTIMIZATION_LEVEL = "-O";
				VALIDATE_PRODUCT = YES;
			};
			name = Release;
		};
		3C72DA1E25A9F1C5001567B4 /* Debug */ = {
			isa = XCBuildConfiguration;
			baseConfigurationReference = 3B0AFF769C981269E21538EA /* Pods-zipkok.debug.xcconfig */;
			buildSettings = {
				ASSETCATALOG_COMPILER_APPICON_NAME = AppIcon;
				ASSETCATALOG_COMPILER_GLOBAL_ACCENT_COLOR_NAME = AccentColor;
				CODE_SIGN_STYLE = Automatic;
				DEVELOPMENT_TEAM = HK54HM2TC6;
				INFOPLIST_FILE = zipkok/Info.plist;
				IPHONEOS_DEPLOYMENT_TARGET = 13.0;
				LD_RUNPATH_SEARCH_PATHS = (
					"$(inherited)",
					"@executable_path/Frameworks",
				);
				PRODUCT_BUNDLE_IDENTIFIER = heo.zipkok;
				PRODUCT_NAME = "$(TARGET_NAME)";
				SWIFT_VERSION = 5.0;
				TARGETED_DEVICE_FAMILY = "1,2";
			};
			name = Debug;
		};
		3C72DA1F25A9F1C5001567B4 /* Release */ = {
			isa = XCBuildConfiguration;
			baseConfigurationReference = 028033563880B20D59FAA30C /* Pods-zipkok.release.xcconfig */;
			buildSettings = {
				ASSETCATALOG_COMPILER_APPICON_NAME = AppIcon;
				ASSETCATALOG_COMPILER_GLOBAL_ACCENT_COLOR_NAME = AccentColor;
				CODE_SIGN_STYLE = Automatic;
				DEVELOPMENT_TEAM = HK54HM2TC6;
				INFOPLIST_FILE = zipkok/Info.plist;
				IPHONEOS_DEPLOYMENT_TARGET = 13.0;
				LD_RUNPATH_SEARCH_PATHS = (
					"$(inherited)",
					"@executable_path/Frameworks",
				);
				PRODUCT_BUNDLE_IDENTIFIER = heo.zipkok;
				PRODUCT_NAME = "$(TARGET_NAME)";
				SWIFT_VERSION = 5.0;
				TARGETED_DEVICE_FAMILY = "1,2";
			};
			name = Release;
		};
/* End XCBuildConfiguration section */

/* Begin XCConfigurationList section */
		3C72DA0425A9F1C4001567B4 /* Build configuration list for PBXProject "zipkok" */ = {
			isa = XCConfigurationList;
			buildConfigurations = (
				3C72DA1B25A9F1C5001567B4 /* Debug */,
				3C72DA1C25A9F1C5001567B4 /* Release */,
			);
			defaultConfigurationIsVisible = 0;
			defaultConfigurationName = Release;
		};
		3C72DA1D25A9F1C5001567B4 /* Build configuration list for PBXNativeTarget "zipkok" */ = {
			isa = XCConfigurationList;
			buildConfigurations = (
				3C72DA1E25A9F1C5001567B4 /* Debug */,
				3C72DA1F25A9F1C5001567B4 /* Release */,
			);
			defaultConfigurationIsVisible = 0;
			defaultConfigurationName = Release;
		};
/* End XCConfigurationList section */
	};
	rootObject = 3C72DA0125A9F1C4001567B4 /* Project object */;
}
